Microsoft Visual Studio Solution File, Format Version 12.00
# Visual Studio Version 17
VisualStudioVersion = 17.5.2.0
MinimumVisualStudioVersion = 10.0.40219.1
Project("{FAE04EC0-301F-11D3-BF4B-00C04F79EFBC}") = "MVCBlogPostApp", "MVCBlogPostApp.csproj", "{201202DB-2F5B-9719-5DFD-7214EEBB0B64}"
EndProject
Global
	GlobalSection(SolutionConfigurationPlatforms) = preSolution
		Debug|Any CPU = Debug|Any CPU
		Release|Any CPU = Release|Any CPU
	EndGlobalSection
	GlobalSection(ProjectConfigurationPlatforms) = postSolution
		{201202DB-2F5B-9719-5DFD-7214EEBB0B64}.Debug|Any CPU.ActiveCfg = Debug|Any CPU
		{201202DB-2F5B-9719-5DFD-7214EEBB0B64}.Debug|Any CPU.Build.0 = Debug|Any CPU
		{201202DB-2F5B-9719-5DFD-7214EEBB0B64}.Release|Any CPU.ActiveCfg = Release|Any CPU
		{201202DB-2F5B-9719-5DFD-7214EEBB0B64}.Release|Any CPU.Build.0 = Release|Any CPU
	EndGlobalSection
	GlobalSection(SolutionProperties) = preSolution
		HideSolutionNode = FALSE
	EndGlobalSection
	GlobalSection(ExtensibilityGlobals) = postSolution
		SolutionGuid = {D441A379-C0A9-43E0-8535-ECD3D3202BE3}
	EndGlobalSection
EndGlobal
